// !$*UTF8*$!
{
	archiveVersion = 1;
	classes = {
	};
	objectVersion = 48;
	objects = {

/* Begin PBXBuildFile section */
		926318712086E8CD00C50B75 /* AppDelegate.swift in Sources */ = {isa = PBXBuildFile; fileRef = 926318702086E8CD00C50B75 /* AppDelegate.swift */; };
		926318732086E8CD00C50B75 /* ViewController.swift in Sources */ = {isa = PBXBuildFile; fileRef = 926318722086E8CD00C50B75 /* ViewController.swift */; };
		926318762086E8CD00C50B75 /* Main.storyboard in Resources */ = {isa = PBXBuildFile; fileRef = 926318742086E8CD00C50B75 /* Main.storyboard */; };
		926318782086E8CF00C50B75 /* Assets.xcassets in Resources */ = {isa = PBXBuildFile; fileRef = 926318772086E8CF00C50B75 /* Assets.xcassets */; };
		9263187B2086E8CF00C50B75 /* LaunchScreen.storyboard in Resources */ = {isa = PBXBuildFile; fileRef = 926318792086E8CF00C50B75 /* LaunchScreen.storyboard */; };
		92631885208BD7DF00C50B75 /* ComprasUSA.xcdatamodeld in Sources */ = {isa = PBXBuildFile; fileRef = 92631882208A901000C50B75 /* ComprasUSA.xcdatamodeld */; };
		92631887208BE0C000C50B75 /* ComprasTableViewController.swift in Sources */ = {isa = PBXBuildFile; fileRef = 92631886208BE0C000C50B75 /* ComprasTableViewController.swift */; };
		92631889208D431100C50B75 /* SettingsViewController.swift in Sources */ = {isa = PBXBuildFile; fileRef = 92631888208D431100C50B75 /* SettingsViewController.swift */; };
		9263188B208D493700C50B75 /* UIViewController+CoreData.swift in Sources */ = {isa = PBXBuildFile; fileRef = 9263188A208D493700C50B75 /* UIViewController+CoreData.swift */; };
		AC18B178208EA38A00A1EDC1 /* ComprasRegisterViewController.swift in Sources */ = {isa = PBXBuildFile; fileRef = AC18B177208EA38A00A1EDC1 /* ComprasRegisterViewController.swift */; };
/* End PBXBuildFile section */

/* Begin PBXFileReference section */
		9263186D2086E8CD00C50B75 /* DaniloAlvesVieira.app */ = {isa = PBXFileReference; explicitFileType = wrapper.application; includeInIndex = 0; path = DaniloAlvesVieira.app; sourceTree = BUILT_PRODUCTS_DIR; };
		926318702086E8CD00C50B75 /* AppDelegate.swift */ = {isa = PBXFileReference; lastKnownFileType = sourcecode.swift; path = AppDelegate.swift; sourceTree = "<group>"; };
		926318722086E8CD00C50B75 /* ViewController.swift */ = {isa = PBXFileReference; lastKnownFileType = sourcecode.swift; path = ViewController.swift; sourceTree = "<group>"; };
		926318752086E8CD00C50B75 /* Base */ = {isa = PBXFileReference; lastKnownFileType = file.storyboard; name = Base; path = Base.lproj/Main.storyboard; sourceTree = "<group>"; };
		926318772086E8CF00C50B75 /* Assets.xcassets */ = {isa = PBXFileReference; lastKnownFileType = folder.assetcatalog; path = Assets.xcassets; sourceTree = "<group>"; };
		9263187A2086E8CF00C50B75 /* Base */ = {isa = PBXFileReference; lastKnownFileType = file.storyboard; name = Base; path = Base.lproj/LaunchScreen.storyboard; sourceTree = "<group>"; };
		9263187C2086E8CF00C50B75 /* Info.plist */ = {isa = PBXFileReference; lastKnownFileType = text.plist.xml; path = Info.plist; sourceTree = "<group>"; };
		92631883208A901000C50B75 /* ComprasUSA.xcdatamodel */ = {isa = PBXFileReference; lastKnownFileType = wrapper.xcdatamodel; path = ComprasUSA.xcdatamodel; sourceTree = "<group>"; };
		92631886208BE0C000C50B75 /* ComprasTableViewController.swift */ = {isa = PBXFileReference; lastKnownFileType = sourcecode.swift; path = ComprasTableViewController.swift; sourceTree = "<group>"; };
		92631888208D431100C50B75 /* SettingsViewController.swift */ = {isa = PBXFileReference; lastKnownFileType = sourcecode.swift; path = SettingsViewController.swift; sourceTree = "<group>"; };
		9263188A208D493700C50B75 /* UIViewController+CoreData.swift */ = {isa = PBXFileReference; lastKnownFileType = sourcecode.swift; path = "UIViewController+CoreData.swift"; sourceTree = "<group>"; };
		AC18B177208EA38A00A1EDC1 /* ComprasRegisterViewController.swift */ = {isa = PBXFileReference; lastKnownFileType = sourcecode.swift; path = ComprasRegisterViewController.swift; sourceTree = "<group>"; };
/* End PBXFileReference section */

/* Begin PBXFrameworksBuildPhase section */
		9263186A2086E8CD00C50B75 /* Frameworks */ = {
			isa = PBXFrameworksBuildPhase;
			buildActionMask = 2147483647;
			files = (
			);
			runOnlyForDeploymentPostprocessing = 0;
		};
/* End PBXFrameworksBuildPhase section */

/* Begin PBXGroup section */
		926318642086E8CD00C50B75 = {
			isa = PBXGroup;
			children = (
				9263186F2086E8CD00C50B75 /* DaniloAlvesVieira */,
				9263186E2086E8CD00C50B75 /* Products */,
			);
			sourceTree = "<group>";
		};
		9263186E2086E8CD00C50B75 /* Products */ = {
			isa = PBXGroup;
			children = (
				9263186D2086E8CD00C50B75 /* DaniloAlvesVieira.app */,
			);
			name = Products;
			sourceTree = "<group>";
		};
		9263186F2086E8CD00C50B75 /* DaniloAlvesVieira */ = {
			isa = PBXGroup;
			children = (
				926318702086E8CD00C50B75 /* AppDelegate.swift */,
				926318722086E8CD00C50B75 /* ViewController.swift */,
				926318742086E8CD00C50B75 /* Main.storyboard */,
				AC18B177208EA38A00A1EDC1 /* ComprasRegisterViewController.swift */,
				92631888208D431100C50B75 /* SettingsViewController.swift */,
				9263188A208D493700C50B75 /* UIViewController+CoreData.swift */,
				92631886208BE0C000C50B75 /* ComprasTableViewController.swift */,
				926318772086E8CF00C50B75 /* Assets.xcassets */,
				926318792086E8CF00C50B75 /* LaunchScreen.storyboard */,
				9263187C2086E8CF00C50B75 /* Info.plist */,
				92631882208A901000C50B75 /* ComprasUSA.xcdatamodeld */,
			);
			path = DaniloAlvesVieira;
			sourceTree = "<group>";
		};
/* End PBXGroup section */

/* Begin PBXNativeTarget section */
		9263186C2086E8CD00C50B75 /* DaniloAlvesVieira */ = {
			isa = PBXNativeTarget;
			buildConfigurationList = 9263187F2086E8CF00C50B75 /* Build configuration list for PBXNativeTarget "DaniloAlvesVieira" */;
			buildPhases = (
				926318692086E8CD00C50B75 /* Sources */,
				9263186A2086E8CD00C50B75 /* Frameworks */,
				9263186B2086E8CD00C50B75 /* Resources */,
			);
			buildRules = (
			);
			dependencies = (
			);
			name = DaniloAlvesVieira;
			productName = DaniloAlvesVieira;
			productReference = 9263186D2086E8CD00C50B75 /* DaniloAlvesVieira.app */;
			productType = "com.apple.product-type.application";
		};
/* End PBXNativeTarget section */

/* Begin PBXProject section */
		926318652086E8CD00C50B75 /* Project object */ = {
			isa = PBXProject;
			attributes = {
				LastSwiftUpdateCheck = 0930;
				LastUpgradeCheck = 0930;
				ORGANIZATIONNAME = "Danilo Alves Vieira";
				TargetAttributes = {
					9263186C2086E8CD00C50B75 = {
						CreatedOnToolsVersion = 9.3;
						ProvisioningStyle = Automatic;
					};
				};
			};
			buildConfigurationList = 926318682086E8CD00C50B75 /* Build configuration list for PBXProject "DaniloAlvesVieira" */;
			compatibilityVersion = "Xcode 8.0";
			developmentRegion = en;
			hasScannedForEncodings = 0;
			knownRegions = (
				en,
				Base,
			);
			mainGroup = 926318642086E8CD00C50B75;
			productRefGroup = 9263186E2086E8CD00C50B75 /* Products */;
			projectDirPath = "";
			projectRoot = "";
			targets = (
				9263186C2086E8CD00C50B75 /* DaniloAlvesVieira */,
			);
		};
/* End PBXProject section */

/* Begin PBXResourcesBuildPhase section */
		9263186B2086E8CD00C50B75 /* Resources */ = {
			isa = PBXResourcesBuildPhase;
			buildActionMask = 2147483647;
			files = (
				9263187B2086E8CF00C50B75 /* LaunchScreen.storyboard in Resources */,
				926318782086E8CF00C50B75 /* Assets.xcassets in Resources */,
				926318762086E8CD00C50B75 /* Main.storyboard in Resources */,
			);
			runOnlyForDeploymentPostprocessing = 0;
		};
/* End PBXResourcesBuildPhase section */

/* Begin PBXSourcesBuildPhase section */
		926318692086E8CD00C50B75 /* Sources */ = {
			isa = PBXSourcesBuildPhase;
			buildActionMask = 2147483647;
			files = (
				926318732086E8CD00C50B75 /* ViewController.swift in Sources */,
				92631885208BD7DF00C50B75 /* ComprasUSA.xcdatamodeld in Sources */,
				92631887208BE0C000C50B75 /* ComprasTableViewController.swift in Sources */,
				9263188B208D493700C50B75 /* UIViewController+CoreData.swift in Sources */,
				92631889208D431100C50B75 /* SettingsViewController.swift in Sources */,
				926318712086E8CD00C50B75 /* AppDelegate.swift in Sources */,
				AC18B178208EA38A00A1EDC1 /* ComprasRegisterViewController.swift in Sources */,
			);
			runOnlyForDeploymentPostprocessing = 0;
		};
/* End PBXSourcesBuildPhase section */

/* Begin PBXVariantGroup section */
		926318742086E8CD00C50B75 /* Main.storyboard */ = {
			isa = PBXVariantGroup;
			children = (
				926318752086E8CD00C50B75 /* Base */,
			);
			name = Main.storyboard;
			sourceTree = "<group>";
		};
		926318792086E8CF00C50B75 /* LaunchScreen.storyboard */ = {
			isa = PBXVariantGroup;
			children = (
				9263187A2086E8CF00C50B75 /* Base */,
			);
			name = LaunchScreen.storyboard;
			sourceTree = "<group>";
		};
/* End PBXVariantGroup section */

/* Begin XCBuildConfiguration section */
		9263187D2086E8CF00C50B75 /* Debug */ = {
			isa = XCBuildConfiguration;
			buildSettings = {
				ALWAYS_SEARCH_USER_PATHS = NO;
				CLANG_ANALYZER_NONNULL = YES;
				CLANG_ANALYZER_NUMBER_OBJECT_CONVERSION = YES_AGGRESSIVE;
				CLANG_CXX_LANGUAGE_STANDARD = "gnu++14";
				CLANG_CXX_LIBRARY = "libc++";
				CLANG_ENABLE_MODULES = YES;
				CLANG_ENABLE_OBJC_ARC = YES;
				CLANG_ENABLE_OBJC_WEAK = YES;
				CLANG_WARN_BLOCK_CAPTURE_AUTORELEASING = YES;
				CLANG_WARN_BOOL_CONVERSION = YES;
				CLANG_WARN_COMMA = YES;
				CLANG_WARN_CONSTANT_CONVERSION = YES;
				CLANG_WARN_DEPRECATED_OBJC_IMPLEMENTATIONS = YES;
				CLANG_WARN_DIRECT_OBJC_ISA_USAGE = YES_ERROR;
				CLANG_WARN_DOCUMENTATION_COMMENTS = YES;
				CLANG_WARN_EMPTY_BODY = YES;
				CLANG_WARN_ENUM_CONVERSION = YES;
				CLANG_WARN_INFINITE_RECURSION = YES;
				CLANG_WARN_INT_CONVERSION = YES;
				CLANG_WARN_NON_LITERAL_NULL_CONVERSION = YES;
				CLANG_WARN_OBJC_IMPLICIT_RETAIN_SELF = YES;
				CLANG_WARN_OBJC_LITERAL_CONVERSION = YES;
				CLANG_WARN_OBJC_ROOT_CLASS = YES_ERROR;
				CLANG_WARN_RANGE_LOOP_ANALYSIS = YES;
				CLANG_WARN_STRICT_PROTOTYPES = YES;
				CLANG_WARN_SUSPICIOUS_MOVE = YES;
				CLANG_WARN_UNGUARDED_AVAILABILITY = YES_AGGRESSIVE;
				CLANG_WARN_UNREACHABLE_CODE = YES;
				CLANG_WARN__DUPLICATE_METHOD_MATCH = YES;
				CODE_SIGN_IDENTITY = "iPhone Developer";
				COPY_PHASE_STRIP = NO;
				DEBUG_INFORMATION_FORMAT = dwarf;
				ENABLE_STRICT_OBJC_MSGSEND = YES;
				ENABLE_TESTABILITY = YES;
				GCC_C_LANGUAGE_STANDARD = gnu11;
				GCC_DYNAMIC_NO_PIC = NO;
				GCC_NO_COMMON_BLOCKS = YES;
				GCC_OPTIMIZATION_LEVEL = 0;
				GCC_PREPROCESSOR_DEFINITIONS = (
					"DEBUG=1",
					"$(inherited)",
				);
				GCC_WARN_64_TO_32_BIT_CONVERSION = YES;
				GCC_WARN_ABOUT_RETURN_TYPE = YES_ERROR;
				GCC_WARN_UNDECLARED_SELECTOR = YES;
				GCC_WARN_UNINITIALIZED_AUTOS = YES_AGGRESSIVE;
				GCC_WARN_UNUSED_FUNCTION = YES;
				GCC_WARN_UNUSED_VARIABLE = YES;
				IPHONEOS_DEPLOYMENT_TARGET = 11.3;
				MTL_ENABLE_DEBUG_INFO = YES;
				ONLY_ACTIVE_ARCH = YES;
				SDKROOT = iphoneos;
				SWIFT_ACTIVE_COMPILATION_CONDITIONS = DEBUG;
				SWIFT_OPTIMIZATION_LEVEL = "-Onone";
			};
			name = Debug;
		};
		9263187E2086E8CF00C50B75 /* Release */ = {
			isa = XCBuildConfiguration;
			buildSettings = {
				ALWAYS_SEARCH_USER_PATHS = NO;
				CLANG_ANALYZER_NONNULL = YES;
				CLANG_ANALYZER_NUMBER_OBJECT_CONVERSION = YES_AGGRESSIVE;
				CLANG_CXX_LANGUAGE_STANDARD = "gnu++14";
				CLANG_CXX_LIBRARY = "libc++";
				CLANG_ENABLE_MODULES = YES;
				CLANG_ENABLE_OBJC_ARC = YES;
				CLANG_ENABLE_OBJC_WEAK = YES;
				CLANG_WARN_BLOCK_CAPTURE_AUTORELEASING = YES;
				CLANG_WARN_BOOL_CONVERSION = YES;
				CLANG_WARN_COMMA = YES;
				CLANG_WARN_CONSTANT_CONVERSION = YES;
				CLANG_WARN_DEPRECATED_OBJC_IMPLEMENTATIONS = YES;
				CLANG_WARN_DIRECT_OBJC_ISA_USAGE = YES_ERROR;
				CLANG_WARN_DOCUMENTATION_COMMENTS = YES;
				CLANG_WARN_EMPTY_BODY = YES;
				CLANG_WARN_ENUM_CONVERSION = YES;
				CLANG_WARN_INFINITE_RECURSION = YES;
				CLANG_WARN_INT_CONVERSION = YES;
				CLANG_WARN_NON_LITERAL_NULL_CONVERSION = YES;
				CLANG_WARN_OBJC_IMPLICIT_RETAIN_SELF = YES;
				CLANG_WARN_OBJC_LITERAL_CONVERSION = YES;
				CLANG_WARN_OBJC_ROOT_CLASS = YES_ERROR;
				CLANG_WARN_RANGE_LOOP_ANALYSIS = YES;
				CLANG_WARN_STRICT_PROTOTYPES = YES;
				CLANG_WARN_SUSPICIOUS_MOVE = YES;
				CLANG_WARN_UNGUARDED_AVAILABILITY = YES_AGGRESSIVE;
				CLANG_WARN_UNREACHABLE_CODE = YES;
				CLANG_WARN__DUPLICATE_METHOD_MATCH = YES;
				CODE_SIGN_IDENTITY = "iPhone Developer";
				COPY_PHASE_STRIP = NO;
				DEBUG_INFORMATION_FORMAT = "dwarf-with-dsym";
				ENABLE_NS_ASSERTIONS = NO;
				ENABLE_STRICT_OBJC_MSGSEND = YES;
				GCC_C_LANGUAGE_STANDARD = gnu11;
				GCC_NO_COMMON_BLOCKS = YES;
				GCC_WARN_64_TO_32_BIT_CONVERSION = YES;
				GCC_WARN_ABOUT_RETURN_TYPE = YES_ERROR;
				GCC_WARN_UNDECLARED_SELECTOR = YES;
				GCC_WARN_UNINITIALIZED_AUTOS = YES_AGGRESSIVE;
				GCC_WARN_UNUSED_FUNCTION = YES;
				GCC_WARN_UNUSED_VARIABLE = YES;
				IPHONEOS_DEPLOYMENT_TARGET = 11.3;
				MTL_ENABLE_DEBUG_INFO = NO;
				SDKROOT = iphoneos;
				SWIFT_OPTIMIZATION_LEVEL = "-Owholemodule";
				VALIDATE_PRODUCT = YES;
			};
			name = Release;
		};
		926318802086E8CF00C50B75 /* Debug */ = {
			isa = XCBuildConfiguration;
			buildSettings = {
				ASSETCATALOG_COMPILER_APPICON_NAME = AppIcon;
				CODE_SIGN_STYLE = Automatic;
				DEVELOPMENT_TEAM = A83LKYCPNL;
				INFOPLIST_FILE = DaniloAlvesVieira/Info.plist;
				IPHONEOS_DEPLOYMENT_TARGET = 11.2;
				LD_RUNPATH_SEARCH_PATHS = "$(inherited) @executable_path/Frameworks";
				PRODUCT_BUNDLE_IDENTIFIER = br.com.fiap.14mob.DaniloAlvesVieira;
				PRODUCT_NAME = "$(TARGET_NAME)";
				SWIFT_VERSION = 4.0;
				TARGETED_DEVICE_FAMILY = 1;
			};
			name = Debug;
		};
		926318812086E8CF00C50B75 /* Release */ = {
			isa = XCBuildConfiguration;
			buildSettings = {
				ASSETCATALOG_COMPILER_APPICON_NAME = AppIcon;
				CODE_SIGN_STYLE = Automatic;
				DEVELOPMENT_TEAM = A83LKYCPNL;
				INFOPLIST_FILE = DaniloAlvesVieira/Info.plist;
				IPHONEOS_DEPLOYMENT_TARGET = 11.2;
				LD_RUNPATH_SEARCH_PATHS = "$(inherited) @executable_path/Frameworks";
				PRODUCT_BUNDLE_IDENTIFIER = br.com.fiap.14mob.DaniloAlvesVieira;
				PRODUCT_NAME = "$(TARGET_NAME)";
				SWIFT_VERSION = 4.0;
				TARGETED_DEVICE_FAMILY = 1;
			};
			name = Release;
		};
/* End XCBuildConfiguration section */

/* Begin XCConfigurationList section */
		926318682086E8CD00C50B75 /* Build configuration list for PBXProject "DaniloAlvesVieira" */ = {
			isa = XCConfigurationList;
			buildConfigurations = (
				9263187D2086E8CF00C50B75 /* Debug */,
				9263187E2086E8CF00C50B75 /* Release */,
			);
			defaultConfigurationIsVisible = 0;
			defaultConfigurationName = Release;
		};
		9263187F2086E8CF00C50B75 /* Build configuration list for PBXNativeTarget "DaniloAlvesVieira" */ = {
			isa = XCConfigurationList;
			buildConfigurations = (
				926318802086E8CF00C50B75 /* Debug */,
				926318812086E8CF00C50B75 /* Release */,
			);
			defaultConfigurationIsVisible = 0;
			defaultConfigurationName = Release;
		};
/* End XCConfigurationList section */

/* Begin XCVersionGroup section */
		92631882208A901000C50B75 /* ComprasUSA.xcdatamodeld */ = {
			isa = XCVersionGroup;
			children = (
				92631883208A901000C50B75 /* ComprasUSA.xcdatamodel */,
			);
			currentVersion = 92631883208A901000C50B75 /* ComprasUSA.xcdatamodel */;
			path = ComprasUSA.xcdatamodeld;
			sourceTree = "<group>";
			versionGroupType = wrapper.xcdatamodel;
		};
/* End XCVersionGroup section */
	};
	rootObject = 926318652086E8CD00C50B75 /* Project object */;
}
